
Microsoft Visual Studio Solution File, Format Version 12.00
# Visual Studio Version 17
VisualStudioVersion = 17.4.33122.133
MinimumVisualStudioVersion = 10.0.40219.1
Project("{FAE04EC0-301F-11D3-BF4B-00C04F79EFBC}") = "Millennium Biltmore Hostel App", "Millennium Biltmore Hostel App.csproj", "{74F8E044-0B8E-483A-ABB1-A90B140DA322}"
EndProject
Global
	GlobalSection(SolutionConfigurationPlatforms) = preSolution
		Debug|Any CPU = Debug|Any CPU
		Release|Any CPU = Release|Any CPU
	EndGlobalSection
	GlobalSection(ProjectConfigurationPlatforms) = postSolution
		{74F8E044-0B8E-483A-ABB1-A90B140DA322}.Debug|Any CPU.ActiveCfg = Debug|Any CPU
		{74F8E044-0B8E-483A-ABB1-A90B140DA322}.Debug|Any CPU.Build.0 = Debug|Any CPU
		{74F8E044-0B8E-483A-ABB1-A90B140DA322}.Release|Any CPU.ActiveCfg = Release|Any CPU
		{74F8E044-0B8E-483A-ABB1-A90B140DA322}.Release|Any CPU.Build.0 = Release|Any CPU
	EndGlobalSection
	GlobalSection(SolutionProperties) = preSolution
		HideSolutionNode = FALSE
	EndGlobalSection
	GlobalSection(ExtensibilityGlobals) = postSolution
		SolutionGuid = {8E1A7BF9-9F56-4B40-BD86-9BEBED0F3B64}
	EndGlobalSection
EndGlobal
